// !$*UTF8*$!
{
	archiveVersion = 1;
	classes = {
	};
	objectVersion = 48;
	objects = {

/* Begin PBXBuildFile section */
		8BCBCFAD1F6F82F1000FBE55 /* AppDelegate.swift in Sources */ = {isa = PBXBuildFile; fileRef = 8BCBCFAC1F6F82F1000FBE55 /* AppDelegate.swift */; };
		8BCBCFAF1F6F82F1000FBE55 /* ViewController.swift in Sources */ = {isa = PBXBuildFile; fileRef = 8BCBCFAE1F6F82F1000FBE55 /* ViewController.swift */; };
		8BCBCFB21F6F82F1000FBE55 /* Main.storyboard in Resources */ = {isa = PBXBuildFile; fileRef = 8BCBCFB01F6F82F1000FBE55 /* Main.storyboard */; };
		8BCBCFB41F6F82F1000FBE55 /* Assets.xcassets in Resources */ = {isa = PBXBuildFile; fileRef = 8BCBCFB31F6F82F1000FBE55 /* Assets.xcassets */; };
		8BCBCFB71F6F82F1000FBE55 /* LaunchScreen.storyboard in Resources */ = {isa = PBXBuildFile; fileRef = 8BCBCFB51F6F82F1000FBE55 /* LaunchScreen.storyboard */; };
/* End PBXBuildFile section */

/* Begin PBXFileReference section */
		8BCBCFA91F6F82F1000FBE55 /* ScrollingParalax2.app */ = {isa = PBXFileReference; explicitFileType = wrapper.application; includeInIndex = 0; path = ScrollingParalax2.app; sourceTree = BUILT_PRODUCTS_DIR; };
		8BCBCFAC1F6F82F1000FBE55 /* AppDelegate.swift */ = {isa = PBXFileReference; lastKnownFileType = sourcecode.swift; path = AppDelegate.swift; sourceTree = "<group>"; };
		8BCBCFAE1F6F82F1000FBE55 /* ViewController.swift */ = {isa = PBXFileReference; lastKnownFileType = sourcecode.swift; path = ViewController.swift; sourceTree = "<group>"; };
		8BCBCFB11F6F82F1000FBE55 /* Base */ = {isa = PBXFileReference; lastKnownFileType = file.storyboard; name = Base; path = Base.lproj/Main.storyboard; sourceTree = "<group>"; };
		8BCBCFB31F6F82F1000FBE55 /* Assets.xcassets */ = {isa = PBXFileReference; lastKnownFileType = folder.assetcatalog; path = Assets.xcassets; sourceTree = "<group>"; };
		8BCBCFB61F6F82F1000FBE55 /* Base */ = {isa = PBXFileReference; lastKnownFileType = file.storyboard; name = Base; path = Base.lproj/LaunchScreen.storyboard; sourceTree = "<group>"; };
		8BCBCFB81F6F82F1000FBE55 /* Info.plist */ = {isa = PBXFileReference; lastKnownFileType = text.plist.xml; path = Info.plist; sourceTree = "<group>"; };
/* End PBXFileReference section */

/* Begin PBXFrameworksBuildPhase section */
		8BCBCFA61F6F82F1000FBE55 /* Frameworks */ = {
			isa = PBXFrameworksBuildPhase;
			buildActionMask = 2147483647;
			files = (
			);
			runOnlyForDeploymentPostprocessing = 0;
		};
/* End PBXFrameworksBuildPhase section */

/* Begin PBXGroup section */
		8BCBCFA01F6F82F0000FBE55 = {
			isa = PBXGroup;
			children = (
				8BCBCFAB1F6F82F1000FBE55 /* ScrollingParalax2 */,
				8BCBCFAA1F6F82F1000FBE55 /* Products */,
			);
			sourceTree = "<group>";
		};
		8BCBCFAA1F6F82F1000FBE55 /* Products */ = {
			isa = PBXGroup;
			children = (
				8BCBCFA91F6F82F1000FBE55 /* ScrollingParalax2.app */,
			);
			name = Products;
			sourceTree = "<group>";
		};
		8BCBCFAB1F6F82F1000FBE55 /* ScrollingParalax2 */ = {
			isa = PBXGroup;
			children = (
				8BCBCFAC1F6F82F1000FBE55 /* AppDelegate.swift */,
				8BCBCFAE1F6F82F1000FBE55 /* ViewController.swift */,
				8BCBCFB01F6F82F1000FBE55 /* Main.storyboard */,
				8BCBCFB31F6F82F1000FBE55 /* Assets.xcassets */,
				8BCBCFB51F6F82F1000FBE55 /* LaunchScreen.storyboard */,
				8BCBCFB81F6F82F1000FBE55 /* Info.plist */,
			);
			path = ScrollingParalax2;
			sourceTree = "<group>";
		};
/* End PBXGroup section */

/* Begin PBXNativeTarget section */
		8BCBCFA81F6F82F1000FBE55 /* ScrollingParalax2 */ = {
			isa = PBXNativeTarget;
			buildConfigurationList = 8BCBCFBB1F6F82F1000FBE55 /* Build configuration list for PBXNativeTarget "ScrollingParalax2" */;
			buildPhases = (
				8BCBCFA51F6F82F1000FBE55 /* Sources */,
				8BCBCFA61F6F82F1000FBE55 /* Frameworks */,
				8BCBCFA71F6F82F1000FBE55 /* Resources */,
			);
			buildRules = (
			);
			dependencies = (
			);
			name = ScrollingParalax2;
			productName = ScrollingParalax2;
			productReference = 8BCBCFA91F6F82F1000FBE55 /* ScrollingParalax2.app */;
			productType = "com.apple.product-type.application";
		};
/* End PBXNativeTarget section */

/* Begin PBXProject section */
		8BCBCFA11F6F82F0000FBE55 /* Project object */ = {
			isa = PBXProject;
			attributes = {
				LastSwiftUpdateCheck = 0900;
				LastUpgradeCheck = 0900;
				ORGANIZATIONNAME = "Alfian Losari";
				TargetAttributes = {
					8BCBCFA81F6F82F1000FBE55 = {
						CreatedOnToolsVersion = 9.0;
						ProvisioningStyle = Automatic;
					};
				};
			};
			buildConfigurationList = 8BCBCFA41F6F82F0000FBE55 /* Build configuration list for PBXProject "ScrollingParalax2" */;
			compatibilityVersion = "Xcode 8.0";
			developmentRegion = en;
			hasScannedForEncodings = 0;
			knownRegions = (
				en,
				Base,
			);
			mainGroup = 8BCBCFA01F6F82F0000FBE55;
			productRefGroup = 8BCBCFAA1F6F82F1000FBE55 /* Products */;
			projectDirPath = "";
			projectRoot = "";
			targets = (
				8BCBCFA81F6F82F1000FBE55 /* ScrollingParalax2 */,
			);
		};
/* End PBXProject section */

/* Begin PBXResourcesBuildPhase section */
		8BCBCFA71F6F82F1000FBE55 /* Resources */ = {
			isa = PBXResourcesBuildPhase;
			buildActionMask = 2147483647;
			files = (
				8BCBCFB71F6F82F1000FBE55 /* LaunchScreen.storyboard in Resources */,
				8BCBCFB41F6F82F1000FBE55 /* Assets.xcassets in Resources */,
				8BCBCFB21F6F82F1000FBE55 /* Main.storyboard in Resources */,
			);
			runOnlyForDeploymentPostprocessing = 0;
		};
/* End PBXResourcesBuildPhase section */

/* Begin PBXSourcesBuildPhase section */
		8BCBCFA51F6F82F1000FBE55 /* Sources */ = {
			isa = PBXSourcesBuildPhase;
			buildActionMask = 2147483647;
			files = (
				8BCBCFAF1F6F82F1000FBE55 /* ViewController.swift in Sources */,
				8BCBCFAD1F6F82F1000FBE55 /* AppDelegate.swift in Sources */,
			);
			runOnlyForDeploymentPostprocessing = 0;
		};
/* End PBXSourcesBuildPhase section */

/* Begin PBXVariantGroup section */
		8BCBCFB01F6F82F1000FBE55 /* Main.storyboard */ = {
			isa = PBXVariantGroup;
			children = (
				8BCBCFB11F6F82F1000FBE55 /* Base */,
			);
			name = Main.storyboard;
			sourceTree = "<group>";
		};
		8BCBCFB51F6F82F1000FBE55 /* LaunchScreen.storyboard */ = {
			isa = PBXVariantGroup;
			children = (
				8BCBCFB61F6F82F1000FBE55 /* Base */,
			);
			name = LaunchScreen.storyboard;
			sourceTree = "<group>";
		};
/* End PBXVariantGroup section */

/* Begin XCBuildConfiguration section */
		8BCBCFB91F6F82F1000FBE55 /* Debug */ = {
			isa = XCBuildConfiguration;
			buildSettings = {
				ALWAYS_SEARCH_USER_PATHS = NO;
				CLANG_ANALYZER_NONNULL = YES;
				CLANG_ANALYZER_NUMBER_OBJECT_CONVERSION = YES_AGGRESSIVE;
				CLANG_CXX_LANGUAGE_STANDARD = "gnu++14";
				CLANG_CXX_LIBRARY = "libc++";
				CLANG_ENABLE_MODULES = YES;
				CLANG_ENABLE_OBJC_ARC = YES;
				CLANG_WARN_BLOCK_CAPTURE_AUTORELEASING = YES;
				CLANG_WARN_BOOL_CONVERSION = YES;
				CLANG_WARN_COMMA = YES;
				CLANG_WARN_CONSTANT_CONVERSION = YES;
				CLANG_WARN_DIRECT_OBJC_ISA_USAGE = YES_ERROR;
				CLANG_WARN_DOCUMENTATION_COMMENTS = YES;
				CLANG_WARN_EMPTY_BODY = YES;
				CLANG_WARN_ENUM_CONVERSION = YES;
				CLANG_WARN_INFINITE_RECURSION = YES;
				CLANG_WARN_INT_CONVERSION = YES;
				CLANG_WARN_NON_LITERAL_NULL_CONVERSION = YES;
				CLANG_WARN_OBJC_LITERAL_CONVERSION = YES;
				CLANG_WARN_OBJC_ROOT_CLASS = YES_ERROR;
				CLANG_WARN_RANGE_LOOP_ANALYSIS = YES;
				CLANG_WARN_STRICT_PROTOTYPES = YES;
				CLANG_WARN_SUSPICIOUS_MOVE = YES;
				CLANG_WARN_UNGUARDED_AVAILABILITY = YES_AGGRESSIVE;
				CLANG_WARN_UNREACHABLE_CODE = YES;
				CLANG_WARN__DUPLICATE_METHOD_MATCH = YES;
				CODE_SIGN_IDENTITY = "iPhone Developer";
				COPY_PHASE_STRIP = NO;
				DEBUG_INFORMATION_FORMAT = dwarf;
				ENABLE_STRICT_OBJC_MSGSEND = YES;
				ENABLE_TESTABILITY = YES;
				GCC_C_LANGUAGE_STANDARD = gnu11;
				GCC_DYNAMIC_NO_PIC = NO;
				GCC_NO_COMMON_BLOCKS = YES;
				GCC_OPTIMIZATION_LEVEL = 0;
				GCC_PREPROCESSOR_DEFINITIONS = (
					"DEBUG=1",
					"$(inherited)",
				);
				GCC_WARN_64_TO_32_BIT_CONVERSION = YES;
				GCC_WARN_ABOUT_RETURN_TYPE = YES_ERROR;
				GCC_WARN_UNDECLARED_SELECTOR = YES;
				GCC_WARN_UNINITIALIZED_AUTOS = YES_AGGRESSIVE;
				GCC_WARN_UNUSED_FUNCTION = YES;
				GCC_WARN_UNUSED_VARIABLE = YES;
				IPHONEOS_DEPLOYMENT_TARGET = 11.0;
				MTL_ENABLE_DEBUG_INFO = YES;
				ONLY_ACTIVE_ARCH = YES;
				SDKROOT = iphoneos;
				SWIFT_ACTIVE_COMPILATION_CONDITIONS = DEBUG;
				SWIFT_OPTIMIZATION_LEVEL = "-Onone";
			};
			name = Debug;
		};
		8BCBCFBA1F6F82F1000FBE55 /* Release */ = {
			isa = XCBuildConfiguration;
			buildSettings = {
				ALWAYS_SEARCH_USER_PATHS = NO;
				CLANG_ANALYZER_NONNULL = YES;
				CLANG_ANALYZER_NUMBER_OBJECT_CONVERSION = YES_AGGRESSIVE;
				CLANG_CXX_LANGUAGE_STANDARD = "gnu++14";
				CLANG_CXX_LIBRARY = "libc++";
				CLANG_ENABLE_MODULES = YES;
				CLANG_ENABLE_OBJC_ARC = YES;
				CLANG_WARN_BLOCK_CAPTURE_AUTORELEASING = YES;
				CLANG_WARN_BOOL_CONVERSION = YES;
				CLANG_WARN_COMMA = YES;
				CLANG_WARN_CONSTANT_CONVERSION = YES;
				CLANG_WARN_DIRECT_OBJC_ISA_USAGE = YES_ERROR;
				CLANG_WARN_DOCUMENTATION_COMMENTS = YES;
				CLANG_WARN_EMPTY_BODY = YES;
				CLANG_WARN_ENUM_CONVERSION = YES;
				CLANG_WARN_INFINITE_RECURSION = YES;
				CLANG_WARN_INT_CONVERSION = YES;
				CLANG_WARN_NON_LITERAL_NULL_CONVERSION = YES;
				CLANG_WARN_OBJC_LITERAL_CONVERSION = YES;
				CLANG_WARN_OBJC_ROOT_CLASS = YES_ERROR;
				CLANG_WARN_RANGE_LOOP_ANALYSIS = YES;
				CLANG_WARN_STRICT_PROTOTYPES = YES;
				CLANG_WARN_SUSPICIOUS_MOVE = YES;
				CLANG_WARN_UNGUARDED_AVAILABILITY = YES_AGGRESSIVE;
				CLANG_WARN_UNREACHABLE_CODE = YES;
				CLANG_WARN__DUPLICATE_METHOD_MATCH = YES;
				CODE_SIGN_IDENTITY = "iPhone Developer";
				COPY_PHASE_STRIP = NO;
				DEBUG_INFORMATION_FORMAT = "dwarf-with-dsym";
				ENABLE_NS_ASSERTIONS = NO;
				ENABLE_STRICT_OBJC_MSGSEND = YES;
				GCC_C_LANGUAGE_STANDARD = gnu11;
				GCC_NO_COMMON_BLOCKS = YES;
				GCC_WARN_64_TO_32_BIT_CONVERSION = YES;
				GCC_WARN_ABOUT_RETURN_TYPE = YES_ERROR;
				GCC_WARN_UNDECLARED_SELECTOR = YES;
				GCC_WARN_UNINITIALIZED_AUTOS = YES_AGGRESSIVE;
				GCC_WARN_UNUSED_FUNCTION = YES;
				GCC_WARN_UNUSED_VARIABLE = YES;
				IPHONEOS_DEPLOYMENT_TARGET = 11.0;
				MTL_ENABLE_DEBUG_INFO = NO;
				SDKROOT = iphoneos;
				SWIFT_OPTIMIZATION_LEVEL = "-Owholemodule";
				VALIDATE_PRODUCT = YES;
			};
			name = Release;
		};
		8BCBCFBC1F6F82F1000FBE55 /* Debug */ = {
			isa = XCBuildConfiguration;
			buildSettings = {
				ASSETCATALOG_COMPILER_APPICON_NAME = AppIcon;
				CODE_SIGN_STYLE = Automatic;
				DEVELOPMENT_TEAM = 5C2XD9H2JS;
				INFOPLIST_FILE = ScrollingParalax2/Info.plist;
				LD_RUNPATH_SEARCH_PATHS = "$(inherited) @executable_path/Frameworks";
				PRODUCT_BUNDLE_IDENTIFIER = com.alfianlosari.ScrollingParalax2;
				PRODUCT_NAME = "$(TARGET_NAME)";
				SWIFT_VERSION = 4.0;
				TARGETED_DEVICE_FAMILY = "1,2";
			};
			name = Debug;
		};
		8BCBCFBD1F6F82F1000FBE55 /* Release */ = {
			isa = XCBuildConfiguration;
			buildSettings = {
				ASSETCATALOG_COMPILER_APPICON_NAME = AppIcon;
				CODE_SIGN_STYLE = Automatic;
				DEVELOPMENT_TEAM = 5C2XD9H2JS;
				INFOPLIST_FILE = ScrollingParalax2/Info.plist;
				LD_RUNPATH_SEARCH_PATHS = "$(inherited) @executable_path/Frameworks";
				PRODUCT_BUNDLE_IDENTIFIER = com.alfianlosari.ScrollingParalax2;
				PRODUCT_NAME = "$(TARGET_NAME)";
				SWIFT_VERSION = 4.0;
				TARGETED_DEVICE_FAMILY = "1,2";
			};
			name = Release;
		};
/* End XCBuildConfiguration section */

/* Begin XCConfigurationList section */
		8BCBCFA41F6F82F0000FBE55 /* Build configuration list for PBXProject "ScrollingParalax2" */ = {
			isa = XCConfigurationList;
			buildConfigurations = (
				8BCBCFB91F6F82F1000FBE55 /* Debug */,
				8BCBCFBA1F6F82F1000FBE55 /* Release */,
			);
			defaultConfigurationIsVisible = 0;
			defaultConfigurationName = Release;
		};
		8BCBCFBB1F6F82F1000FBE55 /* Build configuration list for PBXNativeTarget "ScrollingParalax2" */ = {
			isa = XCConfigurationList;
			buildConfigurations = (
				8BCBCFBC1F6F82F1000FBE55 /* Debug */,
				8BCBCFBD1F6F82F1000FBE55 /* Release */,
			);
			defaultConfigurationIsVisible = 0;
			defaultConfigurationName = Release;
		};
/* End XCConfigurationList section */
	};
	rootObject = 8BCBCFA11F6F82F0000FBE55 /* Project object */;
}
